dependencies:
- name: postgresql
  repository: oci://registry-1.docker.io/bitnamicharts
  version: 16.7.4
- name: grafana
  repository: https://grafana.github.io/helm-charts
  version: 9.0.1
- name: loki
  repository: https://grafana.github.io/helm-charts
  version: 6.29.0
- name: alloy
  repository: https://grafana.github.io/helm-charts
  version: 1.0.3
digest: sha256:a38997d080977a7727c4cc2ea175139f781bc8897ef727b77f9d8e9ebe7f7efc
generated: "2025-05-21T19:59:38.367442621+03:00"
